// !$*UTF8*$!
{
	archiveVersion = 1;
	classes = {
	};
	objectVersion = 48;
	objects = {

/* Begin PBXBuildFile section */
		FC2A821E21007607008F28A7 /* AppDelegate.m in Sources */ = {isa = PBXBuildFile; fileRef = FC2A821D21007607008F28A7 /* AppDelegate.m */; };
		FC2A822121007607008F28A7 /* ViewController.m in Sources */ = {isa = PBXBuildFile; fileRef = FC2A822021007607008F28A7 /* ViewController.m */; };
		FC2A822421007607008F28A7 /* Main.storyboard in Resources */ = {isa = PBXBuildFile; fileRef = FC2A822221007607008F28A7 /* Main.storyboard */; };
		FC2A822621007607008F28A7 /* Assets.xcassets in Resources */ = {isa = PBXBuildFile; fileRef = FC2A822521007607008F28A7 /* Assets.xcassets */; };
		FC2A822921007607008F28A7 /* LaunchScreen.storyboard in Resources */ = {isa = PBXBuildFile; fileRef = FC2A822721007607008F28A7 /* LaunchScreen.storyboard */; };
		FC2A822C21007607008F28A7 /* main.m in Sources */ = {isa = PBXBuildFile; fileRef = FC2A822B21007607008F28A7 /* main.m */; };
		FC2A823621007607008F28A7 /* CustomDrawTable_DemoTests.m in Sources */ = {isa = PBXBuildFile; fileRef = FC2A823521007607008F28A7 /* CustomDrawTable_DemoTests.m */; };
		FC2A824121007607008F28A7 /* CustomDrawTable_DemoUITests.m in Sources */ = {isa = PBXBuildFile; fileRef = FC2A824021007607008F28A7 /* CustomDrawTable_DemoUITests.m */; };
		FC2A8253210076F5008F28A7 /* XHCarInWayDataTableView.m in Sources */ = {isa = PBXBuildFile; fileRef = FC2A8252210076F5008F28A7 /* XHCarInWayDataTableView.m */; };
		FC2A825621007735008F28A7 /* CustomDrawExampleTableViewController.m in Sources */ = {isa = PBXBuildFile; fileRef = FC2A825521007735008F28A7 /* CustomDrawExampleTableViewController.m */; };
		FC2A825A210078CD008F28A7 /* XHCarInwayDataDailyInfoModel.m in Sources */ = {isa = PBXBuildFile; fileRef = FC2A8258210078CD008F28A7 /* XHCarInwayDataDailyInfoModel.m */; };
		FC2A826121007A58008F28A7 /* UIColor+additions.m in Sources */ = {isa = PBXBuildFile; fileRef = FC2A826021007A58008F28A7 /* UIColor+additions.m */; };
		FC2A826421007AC8008F28A7 /* NSObject+Extension.m in Sources */ = {isa = PBXBuildFile; fileRef = FC2A826321007AC8008F28A7 /* NSObject+Extension.m */; };
		FC2A826721007BB7008F28A7 /* XHTools.m in Sources */ = {isa = PBXBuildFile; fileRef = FC2A826621007BB7008F28A7 /* XHTools.m */; };
/* End PBXBuildFile section */

/* Begin PBXContainerItemProxy section */
		FC2A823221007607008F28A7 /* PBXContainerItemProxy */ = {
			isa = PBXContainerItemProxy;
			containerPortal = FC2A821121007607008F28A7 /* Project object */;
			proxyType = 1;
			remoteGlobalIDString = FC2A821821007607008F28A7;
			remoteInfo = CustomDrawTable_Demo;
		};
		FC2A823D21007607008F28A7 /* PBXContainerItemProxy */ = {
			isa = PBXContainerItemProxy;
			containerPortal = FC2A821121007607008F28A7 /* Project object */;
			proxyType = 1;
			remoteGlobalIDString = FC2A821821007607008F28A7;
			remoteInfo = CustomDrawTable_Demo;
		};
/* End PBXContainerItemProxy section */

/* Begin PBXFileReference section */
		FC2A821921007607008F28A7 /* CustomDrawTable_Demo.app */ = {isa = PBXFileReference; explicitFileType = wrapper.application; includeInIndex = 0; path = CustomDrawTable_Demo.app; sourceTree = BUILT_PRODUCTS_DIR; };
		FC2A821C21007607008F28A7 /* AppDelegate.h */ = {isa = PBXFileReference; lastKnownFileType = sourcecode.c.h; path = AppDelegate.h; sourceTree = "<group>"; };
		FC2A821D21007607008F28A7 /* AppDelegate.m */ = {isa = PBXFileReference; lastKnownFileType = sourcecode.c.objc; path = AppDelegate.m; sourceTree = "<group>"; };
		FC2A821F21007607008F28A7 /* ViewController.h */ = {isa = PBXFileReference; lastKnownFileType = sourcecode.c.h; path = ViewController.h; sourceTree = "<group>"; };
		FC2A822021007607008F28A7 /* ViewController.m */ = {isa = PBXFileReference; lastKnownFileType = sourcecode.c.objc; path = ViewController.m; sourceTree = "<group>"; };
		FC2A822321007607008F28A7 /* Base */ = {isa = PBXFileReference; lastKnownFileType = file.storyboard; name = Base; path = Base.lproj/Main.storyboard; sourceTree = "<group>"; };
		FC2A822521007607008F28A7 /* Assets.xcassets */ = {isa = PBXFileReference; lastKnownFileType = folder.assetcatalog; path = Assets.xcassets; sourceTree = "<group>"; };
		FC2A822821007607008F28A7 /* Base */ = {isa = PBXFileReference; lastKnownFileType = file.storyboard; name = Base; path = Base.lproj/LaunchScreen.storyboard; sourceTree = "<group>"; };
		FC2A822A21007607008F28A7 /* Info.plist */ = {isa = PBXFileReference; lastKnownFileType = text.plist.xml; path = Info.plist; sourceTree = "<group>"; };
		FC2A822B21007607008F28A7 /* main.m */ = {isa = PBXFileReference; lastKnownFileType = sourcecode.c.objc; path = main.m; sourceTree = "<group>"; };
		FC2A823121007607008F28A7 /* CustomDrawTable_DemoTests.xctest */ = {isa = PBXFileReference; explicitFileType = wrapper.cfbundle; includeInIndex = 0; path = CustomDrawTable_DemoTests.xctest; sourceTree = BUILT_PRODUCTS_DIR; };
		FC2A823521007607008F28A7 /* CustomDrawTable_DemoTests.m */ = {isa = PBXFileReference; lastKnownFileType = sourcecode.c.objc; path = CustomDrawTable_DemoTests.m; sourceTree = "<group>"; };
		FC2A823721007607008F28A7 /* Info.plist */ = {isa = PBXFileReference; lastKnownFileType = text.plist.xml; path = Info.plist; sourceTree = "<group>"; };
		FC2A823C21007607008F28A7 /* CustomDrawTable_DemoUITests.xctest */ = {isa = PBXFileReference; explicitFileType = wrapper.cfbundle; includeInIndex = 0; path = CustomDrawTable_DemoUITests.xctest; sourceTree = BUILT_PRODUCTS_DIR; };
		FC2A824021007607008F28A7 /* CustomDrawTable_DemoUITests.m */ = {isa = PBXFileReference; lastKnownFileType = sourcecode.c.objc; path = CustomDrawTable_DemoUITests.m; sourceTree = "<group>"; };
		FC2A824221007607008F28A7 /* Info.plist */ = {isa = PBXFileReference; lastKnownFileType = text.plist.xml; path = Info.plist; sourceTree = "<group>"; };
		FC2A8251210076F5008F28A7 /* XHCarInWayDataTableView.h */ = {isa = PBXFileReference; fileEncoding = 4; lastKnownFileType = sourcecode.c.h; path = XHCarInWayDataTableView.h; sourceTree = "<group>"; };
		FC2A8252210076F5008F28A7 /* XHCarInWayDataTableView.m */ = {isa = PBXFileReference; fileEncoding = 4; lastKnownFileType = sourcecode.c.objc; path = XHCarInWayDataTableView.m; sourceTree = "<group>"; };
		FC2A825421007735008F28A7 /* CustomDrawExampleTableViewController.h */ = {isa = PBXFileReference; lastKnownFileType = sourcecode.c.h; path = CustomDrawExampleTableViewController.h; sourceTree = "<group>"; };
		FC2A825521007735008F28A7 /* CustomDrawExampleTableViewController.m */ = {isa = PBXFileReference; lastKnownFileType = sourcecode.c.objc; path = CustomDrawExampleTableViewController.m; sourceTree = "<group>"; };
		FC2A8258210078CD008F28A7 /* XHCarInwayDataDailyInfoModel.m */ = {isa = PBXFileReference; fileEncoding = 4; lastKnownFileType = sourcecode.c.objc; path = XHCarInwayDataDailyInfoModel.m; sourceTree = "<group>"; };
		FC2A8259210078CD008F28A7 /* XHCarInwayDataDailyInfoModel.h */ = {isa = PBXFileReference; fileEncoding = 4; lastKnownFileType = sourcecode.c.h; path = XHCarInwayDataDailyInfoModel.h; sourceTree = "<group>"; };
		FC2A825F21007A58008F28A7 /* UIColor+additions.h */ = {isa = PBXFileReference; fileEncoding = 4; lastKnownFileType = sourcecode.c.h; path = "UIColor+additions.h"; sourceTree = "<group>"; };
		FC2A826021007A58008F28A7 /* UIColor+additions.m */ = {isa = PBXFileReference; fileEncoding = 4; lastKnownFileType = sourcecode.c.objc; path = "UIColor+additions.m"; sourceTree = "<group>"; };
		FC2A826221007AC8008F28A7 /* NSObject+Extension.h */ = {isa = PBXFileReference; fileEncoding = 4; lastKnownFileType = sourcecode.c.h; path = "NSObject+Extension.h"; sourceTree = "<group>"; };
		FC2A826321007AC8008F28A7 /* NSObject+Extension.m */ = {isa = PBXFileReference; fileEncoding = 4; lastKnownFileType = sourcecode.c.objc; path = "NSObject+Extension.m"; sourceTree = "<group>"; };
		FC2A826521007BB7008F28A7 /* XHTools.h */ = {isa = PBXFileReference; lastKnownFileType = sourcecode.c.h; path = XHTools.h; sourceTree = "<group>"; };
		FC2A826621007BB7008F28A7 /* XHTools.m */ = {isa = PBXFileReference; lastKnownFileType = sourcecode.c.objc; path = XHTools.m; sourceTree = "<group>"; };
/* End PBXFileReference section */

/* Begin PBXFrameworksBuildPhase section */
		FC2A821621007607008F28A7 /* Frameworks */ = {
			isa = PBXFrameworksBuildPhase;
			buildActionMask = 2147483647;
			files = (
			);
			runOnlyForDeploymentPostprocessing = 0;
		};
		FC2A822E21007607008F28A7 /* Frameworks */ = {
			isa = PBXFrameworksBuildPhase;
			buildActionMask = 2147483647;
			files = (
			);
			runOnlyForDeploymentPostprocessing = 0;
		};
		FC2A823921007607008F28A7 /* Frameworks */ = {
			isa = PBXFrameworksBuildPhase;
			buildActionMask = 2147483647;
			files = (
			);
			runOnlyForDeploymentPostprocessing = 0;
		};
/* End PBXFrameworksBuildPhase section */

/* Begin PBXGroup section */
		FC2A821021007607008F28A7 = {
			isa = PBXGroup;
			children = (
				FC2A821B21007607008F28A7 /* CustomDrawTable_Demo */,
				FC2A823421007607008F28A7 /* CustomDrawTable_DemoTests */,
				FC2A823F21007607008F28A7 /* CustomDrawTable_DemoUITests */,
				FC2A821A21007607008F28A7 /* Products */,
			);
			sourceTree = "<group>";
		};
		FC2A821A21007607008F28A7 /* Products */ = {
			isa = PBXGroup;
			children = (
				FC2A821921007607008F28A7 /* CustomDrawTable_Demo.app */,
				FC2A823121007607008F28A7 /* CustomDrawTable_DemoTests.xctest */,
				FC2A823C21007607008F28A7 /* CustomDrawTable_DemoUITests.xctest */,
			);
			name = Products;
			sourceTree = "<group>";
		};
		FC2A821B21007607008F28A7 /* CustomDrawTable_Demo */ = {
			isa = PBXGroup;
			children = (
				FC2A824E210076CA008F28A7 /* Demo */,
				FC2A821C21007607008F28A7 /* AppDelegate.h */,
				FC2A821D21007607008F28A7 /* AppDelegate.m */,
				FC2A821F21007607008F28A7 /* ViewController.h */,
				FC2A822021007607008F28A7 /* ViewController.m */,
				FC2A822221007607008F28A7 /* Main.storyboard */,
				FC2A822521007607008F28A7 /* Assets.xcassets */,
				FC2A822721007607008F28A7 /* LaunchScreen.storyboard */,
				FC2A822A21007607008F28A7 /* Info.plist */,
				FC2A822B21007607008F28A7 /* main.m */,
			);
			path = CustomDrawTable_Demo;
			sourceTree = "<group>";
		};
		FC2A823421007607008F28A7 /* CustomDrawTable_DemoTests */ = {
			isa = PBXGroup;
			children = (
				FC2A823521007607008F28A7 /* CustomDrawTable_DemoTests.m */,
				FC2A823721007607008F28A7 /* Info.plist */,
			);
			path = CustomDrawTable_DemoTests;
			sourceTree = "<group>";
		};
		FC2A823F21007607008F28A7 /* CustomDrawTable_DemoUITests */ = {
			isa = PBXGroup;
			children = (
				FC2A824021007607008F28A7 /* CustomDrawTable_DemoUITests.m */,
				FC2A824221007607008F28A7 /* Info.plist */,
			);
			path = CustomDrawTable_DemoUITests;
			sourceTree = "<group>";
		};
		FC2A824E210076CA008F28A7 /* Demo */ = {
			isa = PBXGroup;
			children = (
				FC2A825B210078E0008F28A7 /* Tools */,
				FC2A8250210076E3008F28A7 /* ViewController */,
				FC2A8257210078C5008F28A7 /* Model */,
				FC2A824F210076D9008F28A7 /* View */,
			);
			path = Demo;
			sourceTree = "<group>";
		};
		FC2A824F210076D9008F28A7 /* View */ = {
			isa = PBXGroup;
			children = (
				FC2A8251210076F5008F28A7 /* XHCarInWayDataTableView.h */,
				FC2A8252210076F5008F28A7 /* XHCarInWayDataTableView.m */,
			);
			path = View;
			sourceTree = "<group>";
		};
		FC2A8250210076E3008F28A7 /* ViewController */ = {
			isa = PBXGroup;
			children = (
				FC2A825421007735008F28A7 /* CustomDrawExampleTableViewController.h */,
				FC2A825521007735008F28A7 /* CustomDrawExampleTableViewController.m */,
			);
			path = ViewController;
			sourceTree = "<group>";
		};
		FC2A8257210078C5008F28A7 /* Model */ = {
			isa = PBXGroup;
			children = (
				FC2A8259210078CD008F28A7 /* XHCarInwayDataDailyInfoModel.h */,
				FC2A8258210078CD008F28A7 /* XHCarInwayDataDailyInfoModel.m */,
			);
			path = Model;
			sourceTree = "<group>";
		};
		FC2A825B210078E0008F28A7 /* Tools */ = {
			isa = PBXGroup;
			children = (
				FC2A826221007AC8008F28A7 /* NSObject+Extension.h */,
				FC2A826321007AC8008F28A7 /* NSObject+Extension.m */,
				FC2A825F21007A58008F28A7 /* UIColor+additions.h */,
				FC2A826021007A58008F28A7 /* UIColor+additions.m */,
				FC2A826521007BB7008F28A7 /* XHTools.h */,
				FC2A826621007BB7008F28A7 /* XHTools.m */,
			);
			path = Tools;
			sourceTree = "<group>";
		};
/* End PBXGroup section */

/* Begin PBXNativeTarget section */
		FC2A821821007607008F28A7 /* CustomDrawTable_Demo */ = {
			isa = PBXNativeTarget;
			buildConfigurationList = FC2A824521007607008F28A7 /* Build configuration list for PBXNativeTarget "CustomDrawTable_Demo" */;
			buildPhases = (
				FC2A821521007607008F28A7 /* Sources */,
				FC2A821621007607008F28A7 /* Frameworks */,
				FC2A821721007607008F28A7 /* Resources */,
			);
			buildRules = (
			);
			dependencies = (
			);
			name = CustomDrawTable_Demo;
			productName = CustomDrawTable_Demo;
			productReference = FC2A821921007607008F28A7 /* CustomDrawTable_Demo.app */;
			productType = "com.apple.product-type.application";
		};
		FC2A823021007607008F28A7 /* CustomDrawTable_DemoTests */ = {
			isa = PBXNativeTarget;
			buildConfigurationList = FC2A824821007607008F28A7 /* Build configuration list for PBXNativeTarget "CustomDrawTable_DemoTests" */;
			buildPhases = (
				FC2A822D21007607008F28A7 /* Sources */,
				FC2A822E21007607008F28A7 /* Frameworks */,
				FC2A822F21007607008F28A7 /* Resources */,
			);
			buildRules = (
			);
			dependencies = (
				FC2A823321007607008F28A7 /* PBXTargetDependency */,
			);
			name = CustomDrawTable_DemoTests;
			productName = CustomDrawTable_DemoTests;
			productReference = FC2A823121007607008F28A7 /* CustomDrawTable_DemoTests.xctest */;
			productType = "com.apple.product-type.bundle.unit-test";
		};
		FC2A823B21007607008F28A7 /* CustomDrawTable_DemoUITests */ = {
			isa = PBXNativeTarget;
			buildConfigurationList = FC2A824B21007607008F28A7 /* Build configuration list for PBXNativeTarget "CustomDrawTable_DemoUITests" */;
			buildPhases = (
				FC2A823821007607008F28A7 /* Sources */,
				FC2A823921007607008F28A7 /* Frameworks */,
				FC2A823A21007607008F28A7 /* Resources */,
			);
			buildRules = (
			);
			dependencies = (
				FC2A823E21007607008F28A7 /* PBXTargetDependency */,
			);
			name = CustomDrawTable_DemoUITests;
			productName = CustomDrawTable_DemoUITests;
			productReference = FC2A823C21007607008F28A7 /* CustomDrawTable_DemoUITests.xctest */;
			productType = "com.apple.product-type.bundle.ui-testing";
		};
/* End PBXNativeTarget section */

/* Begin PBXProject section */
		FC2A821121007607008F28A7 /* Project object */ = {
			isa = PBXProject;
			attributes = {
				LastUpgradeCheck = 0920;
				ORGANIZATIONNAME = MrYeL;
				TargetAttributes = {
					FC2A821821007607008F28A7 = {
						CreatedOnToolsVersion = 9.2;
						ProvisioningStyle = Automatic;
					};
					FC2A823021007607008F28A7 = {
						CreatedOnToolsVersion = 9.2;
						ProvisioningStyle = Automatic;
						TestTargetID = FC2A821821007607008F28A7;
					};
					FC2A823B21007607008F28A7 = {
						CreatedOnToolsVersion = 9.2;
						ProvisioningStyle = Automatic;
						TestTargetID = FC2A821821007607008F28A7;
					};
				};
			};
			buildConfigurationList = FC2A821421007607008F28A7 /* Build configuration list for PBXProject "CustomDrawTable_Demo" */;
			compatibilityVersion = "Xcode 8.0";
			developmentRegion = en;
			hasScannedForEncodings = 0;
			knownRegions = (
				en,
				Base,
			);
			mainGroup = FC2A821021007607008F28A7;
			productRefGroup = FC2A821A21007607008F28A7 /* Products */;
			projectDirPath = "";
			projectRoot = "";
			targets = (
				FC2A821821007607008F28A7 /* CustomDrawTable_Demo */,
				FC2A823021007607008F28A7 /* CustomDrawTable_DemoTests */,
				FC2A823B21007607008F28A7 /* CustomDrawTable_DemoUITests */,
			);
		};
/* End PBXProject section */

/* Begin PBXResourcesBuildPhase section */
		FC2A821721007607008F28A7 /* Resources */ = {
			isa = PBXResourcesBuildPhase;
			buildActionMask = 2147483647;
			files = (
				FC2A822921007607008F28A7 /* LaunchScreen.storyboard in Resources */,
				FC2A822621007607008F28A7 /* Assets.xcassets in Resources */,
				FC2A822421007607008F28A7 /* Main.storyboard in Resources */,
			);
			runOnlyForDeploymentPostprocessing = 0;
		};
		FC2A822F21007607008F28A7 /* Resources */ = {
			isa = PBXResourcesBuildPhase;
			buildActionMask = 2147483647;
			files = (
			);
			runOnlyForDeploymentPostprocessing = 0;
		};
		FC2A823A21007607008F28A7 /* Resources */ = {
			isa = PBXResourcesBuildPhase;
			buildActionMask = 2147483647;
			files = (
			);
			runOnlyForDeploymentPostprocessing = 0;
		};
/* End PBXResourcesBuildPhase section */

/* Begin PBXSourcesBuildPhase section */
		FC2A821521007607008F28A7 /* Sources */ = {
			isa = PBXSourcesBuildPhase;
			buildActionMask = 2147483647;
			files = (
				FC2A822121007607008F28A7 /* ViewController.m in Sources */,
				FC2A825621007735008F28A7 /* CustomDrawExampleTableViewController.m in Sources */,
				FC2A826421007AC8008F28A7 /* NSObject+Extension.m in Sources */,
				FC2A822C21007607008F28A7 /* main.m in Sources */,
				FC2A825A210078CD008F28A7 /* XHCarInwayDataDailyInfoModel.m in Sources */,
				FC2A821E21007607008F28A7 /* AppDelegate.m in Sources */,
				FC2A826121007A58008F28A7 /* UIColor+additions.m in Sources */,
				FC2A826721007BB7008F28A7 /* XHTools.m in Sources */,
				FC2A8253210076F5008F28A7 /* XHCarInWayDataTableView.m in Sources */,
			);
			runOnlyForDeploymentPostprocessing = 0;
		};
		FC2A822D21007607008F28A7 /* Sources */ = {
			isa = PBXSourcesBuildPhase;
			buildActionMask = 2147483647;
			files = (
				FC2A823621007607008F28A7 /* CustomDrawTable_DemoTests.m in Sources */,
			);
			runOnlyForDeploymentPostprocessing = 0;
		};
		FC2A823821007607008F28A7 /* Sources */ = {
			isa = PBXSourcesBuildPhase;
			buildActionMask = 2147483647;
			files = (
				FC2A824121007607008F28A7 /* CustomDrawTable_DemoUITests.m in Sources */,
			);
			runOnlyForDeploymentPostprocessing = 0;
		};
/* End PBXSourcesBuildPhase section */

/* Begin PBXTargetDependency section */
		FC2A823321007607008F28A7 /* PBXTargetDependency */ = {
			isa = PBXTargetDependency;
			target = FC2A821821007607008F28A7 /* CustomDrawTable_Demo */;
			targetProxy = FC2A823221007607008F28A7 /* PBXContainerItemProxy */;
		};
		FC2A823E21007607008F28A7 /* PBXTargetDependency */ = {
			isa = PBXTargetDependency;
			target = FC2A821821007607008F28A7 /* CustomDrawTable_Demo */;
			targetProxy = FC2A823D21007607008F28A7 /* PBXContainerItemProxy */;
		};
/* End PBXTargetDependency section */

/* Begin PBXVariantGroup section */
		FC2A822221007607008F28A7 /* Main.storyboard */ = {
			isa = PBXVariantGroup;
			children = (
				FC2A822321007607008F28A7 /* Base */,
			);
			name = Main.storyboard;
			sourceTree = "<group>";
		};
		FC2A822721007607008F28A7 /* LaunchScreen.storyboard */ = {
			isa = PBXVariantGroup;
			children = (
				FC2A822821007607008F28A7 /* Base */,
			);
			name = LaunchScreen.storyboard;
			sourceTree = "<group>";
		};
/* End PBXVariantGroup section */

/* Begin XCBuildConfiguration section */
		FC2A824321007607008F28A7 /* Debug */ = {
			isa = XCBuildConfiguration;
			buildSettings = {
				ALWAYS_SEARCH_USER_PATHS = NO;
				CLANG_ANALYZER_NONNULL = YES;
				CLANG_ANALYZER_NUMBER_OBJECT_CONVERSION = YES_AGGRESSIVE;
				CLANG_CXX_LANGUAGE_STANDARD = "gnu++14";
				CLANG_CXX_LIBRARY = "libc++";
				CLANG_ENABLE_MODULES = YES;
				CLANG_ENABLE_OBJC_ARC = YES;
				CLANG_WARN_BLOCK_CAPTURE_AUTORELEASING = YES;
				CLANG_WARN_BOOL_CONVERSION = YES;
				CLANG_WARN_COMMA = YES;
				CLANG_WARN_CONSTANT_CONVERSION = YES;
				CLANG_WARN_DIRECT_OBJC_ISA_USAGE = YES_ERROR;
				CLANG_WARN_DOCUMENTATION_COMMENTS = YES;
				CLANG_WARN_EMPTY_BODY = YES;
				CLANG_WARN_ENUM_CONVERSION = YES;
				CLANG_WARN_INFINITE_RECURSION = YES;
				CLANG_WARN_INT_CONVERSION = YES;
				CLANG_WARN_NON_LITERAL_NULL_CONVERSION = YES;
				CLANG_WARN_OBJC_LITERAL_CONVERSION = YES;
				CLANG_WARN_OBJC_ROOT_CLASS = YES_ERROR;
				CLANG_WARN_RANGE_LOOP_ANALYSIS = YES;
				CLANG_WARN_STRICT_PROTOTYPES = YES;
				CLANG_WARN_SUSPICIOUS_MOVE = YES;
				CLANG_WARN_UNGUARDED_AVAILABILITY = YES_AGGRESSIVE;
				CLANG_WARN_UNREACHABLE_CODE = YES;
				CLANG_WARN__DUPLICATE_METHOD_MATCH = YES;
				CODE_SIGN_IDENTITY = "iPhone Developer";
				COPY_PHASE_STRIP = NO;
				DEBUG_INFORMATION_FORMAT = dwarf;
				ENABLE_STRICT_OBJC_MSGSEND = YES;
				ENABLE_TESTABILITY = YES;
				GCC_C_LANGUAGE_STANDARD = gnu11;
				GCC_DYNAMIC_NO_PIC = NO;
				GCC_NO_COMMON_BLOCKS = YES;
				GCC_OPTIMIZATION_LEVEL = 0;
				GCC_PREPROCESSOR_DEFINITIONS = (
					"DEBUG=1",
					"$(inherited)",
				);
				GCC_WARN_64_TO_32_BIT_CONVERSION = YES;
				GCC_WARN_ABOUT_RETURN_TYPE = YES_ERROR;
				GCC_WARN_UNDECLARED_SELECTOR = YES;
				GCC_WARN_UNINITIALIZED_AUTOS = YES_AGGRESSIVE;
				GCC_WARN_UNUSED_FUNCTION = YES;
				GCC_WARN_UNUSED_VARIABLE = YES;
				IPHONEOS_DEPLOYMENT_TARGET = 11.2;
				MTL_ENABLE_DEBUG_INFO = YES;
				ONLY_ACTIVE_ARCH = YES;
				SDKROOT = iphoneos;
			};
			name = Debug;
		};
		FC2A824421007607008F28A7 /* Release */ = {
			isa = XCBuildConfiguration;
			buildSettings = {
				ALWAYS_SEARCH_USER_PATHS = NO;
				CLANG_ANALYZER_NONNULL = YES;
				CLANG_ANALYZER_NUMBER_OBJECT_CONVERSION = YES_AGGRESSIVE;
				CLANG_CXX_LANGUAGE_STANDARD = "gnu++14";
				CLANG_CXX_LIBRARY = "libc++";
				CLANG_ENABLE_MODULES = YES;
				CLANG_ENABLE_OBJC_ARC = YES;
				CLANG_WARN_BLOCK_CAPTURE_AUTORELEASING = YES;
				CLANG_WARN_BOOL_CONVERSION = YES;
				CLANG_WARN_COMMA = YES;
				CLANG_WARN_CONSTANT_CONVERSION = YES;
				CLANG_WARN_DIRECT_OBJC_ISA_USAGE = YES_ERROR;
				CLANG_WARN_DOCUMENTATION_COMMENTS = YES;
				CLANG_WARN_EMPTY_BODY = YES;
				CLANG_WARN_ENUM_CONVERSION = YES;
				CLANG_WARN_INFINITE_RECURSION = YES;
				CLANG_WARN_INT_CONVERSION = YES;
				CLANG_WARN_NON_LITERAL_NULL_CONVERSION = YES;
				CLANG_WARN_OBJC_LITERAL_CONVERSION = YES;
				CLANG_WARN_OBJC_ROOT_CLASS = YES_ERROR;
				CLANG_WARN_RANGE_LOOP_ANALYSIS = YES;
				CLANG_WARN_STRICT_PROTOTYPES = YES;
				CLANG_WARN_SUSPICIOUS_MOVE = YES;
				CLANG_WARN_UNGUARDED_AVAILABILITY = YES_AGGRESSIVE;
				CLANG_WARN_UNREACHABLE_CODE = YES;
				CLANG_WARN__DUPLICATE_METHOD_MATCH = YES;
				CODE_SIGN_IDENTITY = "iPhone Developer";
				COPY_PHASE_STRIP = NO;
				DEBUG_INFORMATION_FORMAT = "dwarf-with-dsym";
				ENABLE_NS_ASSERTIONS = NO;
				ENABLE_STRICT_OBJC_MSGSEND = YES;
				GCC_C_LANGUAGE_STANDARD = gnu11;
				GCC_NO_COMMON_BLOCKS = YES;
				GCC_WARN_64_TO_32_BIT_CONVERSION = YES;
				GCC_WARN_ABOUT_RETURN_TYPE = YES_ERROR;
				GCC_WARN_UNDECLARED_SELECTOR = YES;
				GCC_WARN_UNINITIALIZED_AUTOS = YES_AGGRESSIVE;
				GCC_WARN_UNUSED_FUNCTION = YES;
				GCC_WARN_UNUSED_VARIABLE = YES;
				IPHONEOS_DEPLOYMENT_TARGET = 11.2;
				MTL_ENABLE_DEBUG_INFO = NO;
				SDKROOT = iphoneos;
				VALIDATE_PRODUCT = YES;
			};
			name = Release;
		};
		FC2A824621007607008F28A7 /* Debug */ = {
			isa = XCBuildConfiguration;
			buildSettings = {
				ASSETCATALOG_COMPILER_APPICON_NAME = AppIcon;
				CODE_SIGN_STYLE = Automatic;
				INFOPLIST_FILE = CustomDrawTable_Demo/Info.plist;
				LD_RUNPATH_SEARCH_PATHS = "$(inherited) @executable_path/Frameworks";
				PRODUCT_BUNDLE_IDENTIFIER = "MrYeL.CustomDrawTable-Demo";
				PRODUCT_NAME = "$(TARGET_NAME)";
				TARGETED_DEVICE_FAMILY = "1,2";
			};
			name = Debug;
		};
		FC2A824721007607008F28A7 /* Release */ = {
			isa = XCBuildConfiguration;
			buildSettings = {
				ASSETCATALOG_COMPILER_APPICON_NAME = AppIcon;
				CODE_SIGN_STYLE = Automatic;
				INFOPLIST_FILE = CustomDrawTable_Demo/Info.plist;
				LD_RUNPATH_SEARCH_PATHS = "$(inherited) @executable_path/Frameworks";
				PRODUCT_BUNDLE_IDENTIFIER = "MrYeL.CustomDrawTable-Demo";
				PRODUCT_NAME = "$(TARGET_NAME)";
				TARGETED_DEVICE_FAMILY = "1,2";
			};
			name = Release;
		};
		FC2A824921007607008F28A7 /* Debug */ = {
			isa = XCBuildConfiguration;
			buildSettings = {
				BUNDLE_LOADER = "$(TEST_HOST)";
				CODE_SIGN_STYLE = Automatic;
				INFOPLIST_FILE = CustomDrawTable_DemoTests/Info.plist;
				LD_RUNPATH_SEARCH_PATHS = "$(inherited) @executable_path/Frameworks @loader_path/Frameworks";
				PRODUCT_BUNDLE_IDENTIFIER = "MrYeL.CustomDrawTable-DemoTests";
				PRODUCT_NAME = "$(TARGET_NAME)";
				TARGETED_DEVICE_FAMILY = "1,2";
				TEST_HOST = "$(BUILT_PRODUCTS_DIR)/CustomDrawTable_Demo.app/CustomDrawTable_Demo";
			};
			name = Debug;
		};
		FC2A824A21007607008F28A7 /* Release */ = {
			isa = XCBuildConfiguration;
			buildSettings = {
				BUNDLE_LOADER = "$(TEST_HOST)";
				CODE_SIGN_STYLE = Automatic;
				INFOPLIST_FILE = CustomDrawTable_DemoTests/Info.plist;
				LD_RUNPATH_SEARCH_PATHS = "$(inherited) @executable_path/Frameworks @loader_path/Frameworks";
				PRODUCT_BUNDLE_IDENTIFIER = "MrYeL.CustomDrawTable-DemoTests";
				PRODUCT_NAME = "$(TARGET_NAME)";
				TARGETED_DEVICE_FAMILY = "1,2";
				TEST_HOST = "$(BUILT_PRODUCTS_DIR)/CustomDrawTable_Demo.app/CustomDrawTable_Demo";
			};
			name = Release;
		};
		FC2A824C21007607008F28A7 /* Debug */ = {
			isa = XCBuildConfiguration;
			buildSettings = {
				CODE_SIGN_STYLE = Automatic;
				INFOPLIST_FILE = CustomDrawTable_DemoUITests/Info.plist;
				LD_RUNPATH_SEARCH_PATHS = "$(inherited) @executable_path/Frameworks @loader_path/Frameworks";
				PRODUCT_BUNDLE_IDENTIFIER = "MrYeL.CustomDrawTable-DemoUITests";
				PRODUCT_NAME = "$(TARGET_NAME)";
				TARGETED_DEVICE_FAMILY = "1,2";
				TEST_TARGET_NAME = CustomDrawTable_Demo;
			};
			name = Debug;
		};
		FC2A824D21007607008F28A7 /* Release */ = {
			isa = XCBuildConfiguration;
			buildSettings = {
				CODE_SIGN_STYLE = Automatic;
				INFOPLIST_FILE = CustomDrawTable_DemoUITests/Info.plist;
				LD_RUNPATH_SEARCH_PATHS = "$(inherited) @executable_path/Frameworks @loader_path/Frameworks";
				PRODUCT_BUNDLE_IDENTIFIER = "MrYeL.CustomDrawTable-DemoUITests";
				PRODUCT_NAME = "$(TARGET_NAME)";
				TARGETED_DEVICE_FAMILY = "1,2";
				TEST_TARGET_NAME = CustomDrawTable_Demo;
			};
			name = Release;
		};
/* End XCBuildConfiguration section */

/* Begin XCConfigurationList section */
		FC2A821421007607008F28A7 /* Build configuration list for PBXProject "CustomDrawTable_Demo" */ = {
			isa = XCConfigurationList;
			buildConfigurations = (
				FC2A824321007607008F28A7 /* Debug */,
				FC2A824421007607008F28A7 /* Release */,
			);
			defaultConfigurationIsVisible = 0;
			defaultConfigurationName = Release;
		};
		FC2A824521007607008F28A7 /* Build configuration list for PBXNativeTarget "CustomDrawTable_Demo" */ = {
			isa = XCConfigurationList;
			buildConfigurations = (
				FC2A824621007607008F28A7 /* Debug */,
				FC2A824721007607008F28A7 /* Release */,
			);
			defaultConfigurationIsVisible = 0;
			defaultConfigurationName = Release;
		};
		FC2A824821007607008F28A7 /* Build configuration list for PBXNativeTarget "CustomDrawTable_DemoTests" */ = {
			isa = XCConfigurationList;
			buildConfigurations = (
				FC2A824921007607008F28A7 /* Debug */,
				FC2A824A21007607008F28A7 /* Release */,
			);
			defaultConfigurationIsVisible = 0;
			defaultConfigurationName = Release;
		};
		FC2A824B21007607008F28A7 /* Build configuration list for PBXNativeTarget "CustomDrawTable_DemoUITests" */ = {
			isa = XCConfigurationList;
			buildConfigurations = (
				FC2A824C21007607008F28A7 /* Debug */,
				FC2A824D21007607008F28A7 /* Release */,
			);
			defaultConfigurationIsVisible = 0;
			defaultConfigurationName = Release;
		};
/* End XCConfigurationList section */
	};
	rootObject = FC2A821121007607008F28A7 /* Project object */;
}
